// !$*UTF8*$!
{
	archiveVersion = 1;
	classes = {
	};
	objectVersion = 48;
	objects = {

/* Begin PBXBuildFile section */
		CC64CC09206B882200BDEE00 /* AppDelegate.swift in Sources */ = {isa = PBXBuildFile; fileRef = CC64CC08206B882200BDEE00 /* AppDelegate.swift */; };
		CC64CC0E206B882200BDEE00 /* Main.storyboard in Resources */ = {isa = PBXBuildFile; fileRef = CC64CC0C206B882200BDEE00 /* Main.storyboard */; };
		CC64CC10206B882200BDEE00 /* Assets.xcassets in Resources */ = {isa = PBXBuildFile; fileRef = CC64CC0F206B882200BDEE00 /* Assets.xcassets */; };
		CC64CC13206B882200BDEE00 /* LaunchScreen.storyboard in Resources */ = {isa = PBXBuildFile; fileRef = CC64CC11206B882200BDEE00 /* LaunchScreen.storyboard */; };
		CC64CC1D206B894F00BDEE00 /* FactsTableViewController.swift in Sources */ = {isa = PBXBuildFile; fileRef = CC64CC1C206B894F00BDEE00 /* FactsTableViewController.swift */; };
		CC64CC1F206BC85B00BDEE00 /* FactTableViewCell.swift in Sources */ = {isa = PBXBuildFile; fileRef = CC64CC1E206BC85B00BDEE00 /* FactTableViewCell.swift */; };
		CC64CC21206BD08C00BDEE00 /* FactsRoot.swift in Sources */ = {isa = PBXBuildFile; fileRef = CC64CC20206BD08C00BDEE00 /* FactsRoot.swift */; };
		CC64CC23206BD0CF00BDEE00 /* Fact.swift in Sources */ = {isa = PBXBuildFile; fileRef = CC64CC22206BD0CF00BDEE00 /* Fact.swift */; };
		CC64CC27206BD1C200BDEE00 /* FactsService.swift in Sources */ = {isa = PBXBuildFile; fileRef = CC64CC26206BD1C200BDEE00 /* FactsService.swift */; };
		CC64CC29206BE42800BDEE00 /* LazyLoadingImageView.swift in Sources */ = {isa = PBXBuildFile; fileRef = CC64CC28206BE42800BDEE00 /* LazyLoadingImageView.swift */; };
/* End PBXBuildFile section */

/* Begin PBXFileReference section */
		CC64CC05206B882200BDEE00 /* IOSProficiencyExercise.app */ = {isa = PBXFileReference; explicitFileType = wrapper.application; includeInIndex = 0; path = IOSProficiencyExercise.app; sourceTree = BUILT_PRODUCTS_DIR; };
		CC64CC08206B882200BDEE00 /* AppDelegate.swift */ = {isa = PBXFileReference; lastKnownFileType = sourcecode.swift; path = AppDelegate.swift; sourceTree = "<group>"; };
		CC64CC0D206B882200BDEE00 /* Base */ = {isa = PBXFileReference; lastKnownFileType = file.storyboard; name = Base; path = Base.lproj/Main.storyboard; sourceTree = "<group>"; };
		CC64CC0F206B882200BDEE00 /* Assets.xcassets */ = {isa = PBXFileReference; lastKnownFileType = folder.assetcatalog; path = Assets.xcassets; sourceTree = "<group>"; };
		CC64CC12206B882200BDEE00 /* Base */ = {isa = PBXFileReference; lastKnownFileType = file.storyboard; name = Base; path = Base.lproj/LaunchScreen.storyboard; sourceTree = "<group>"; };
		CC64CC14206B882200BDEE00 /* Info.plist */ = {isa = PBXFileReference; lastKnownFileType = text.plist.xml; path = Info.plist; sourceTree = "<group>"; };
		CC64CC1C206B894F00BDEE00 /* FactsTableViewController.swift */ = {isa = PBXFileReference; lastKnownFileType = sourcecode.swift; path = FactsTableViewController.swift; sourceTree = "<group>"; };
		CC64CC1E206BC85B00BDEE00 /* FactTableViewCell.swift */ = {isa = PBXFileReference; lastKnownFileType = sourcecode.swift; path = FactTableViewCell.swift; sourceTree = "<group>"; };
		CC64CC20206BD08C00BDEE00 /* FactsRoot.swift */ = {isa = PBXFileReference; lastKnownFileType = sourcecode.swift; path = FactsRoot.swift; sourceTree = "<group>"; };
		CC64CC22206BD0CF00BDEE00 /* Fact.swift */ = {isa = PBXFileReference; lastKnownFileType = sourcecode.swift; path = Fact.swift; sourceTree = "<group>"; };
		CC64CC26206BD1C200BDEE00 /* FactsService.swift */ = {isa = PBXFileReference; lastKnownFileType = sourcecode.swift; path = FactsService.swift; sourceTree = "<group>"; };
		CC64CC28206BE42800BDEE00 /* LazyLoadingImageView.swift */ = {isa = PBXFileReference; lastKnownFileType = sourcecode.swift; path = LazyLoadingImageView.swift; sourceTree = "<group>"; };
/* End PBXFileReference section */

/* Begin PBXFrameworksBuildPhase section */
		CC64CC02206B882200BDEE00 /* Frameworks */ = {
			isa = PBXFrameworksBuildPhase;
			buildActionMask = 2147483647;
			files = (
			);
			runOnlyForDeploymentPostprocessing = 0;
		};
/* End PBXFrameworksBuildPhase section */

/* Begin PBXGroup section */
		CC64CBFC206B882200BDEE00 = {
			isa = PBXGroup;
			children = (
				CC64CC07206B882200BDEE00 /* IOSProficiencyExercise */,
				CC64CC06206B882200BDEE00 /* Products */,
			);
			sourceTree = "<group>";
		};
		CC64CC06206B882200BDEE00 /* Products */ = {
			isa = PBXGroup;
			children = (
				CC64CC05206B882200BDEE00 /* IOSProficiencyExercise.app */,
			);
			name = Products;
			sourceTree = "<group>";
		};
		CC64CC07206B882200BDEE00 /* IOSProficiencyExercise */ = {
			isa = PBXGroup;
			children = (
				CC64CC25206BD13400BDEE00 /* Service */,
				CC64CC24206BD11100BDEE00 /* DataModel */,
				CC64CC08206B882200BDEE00 /* AppDelegate.swift */,
				CC64CC0C206B882200BDEE00 /* Main.storyboard */,
				CC64CC1E206BC85B00BDEE00 /* FactTableViewCell.swift */,
				CC64CC1C206B894F00BDEE00 /* FactsTableViewController.swift */,
				CC64CC28206BE42800BDEE00 /* LazyLoadingImageView.swift */,
				CC64CC0F206B882200BDEE00 /* Assets.xcassets */,
				CC64CC11206B882200BDEE00 /* LaunchScreen.storyboard */,
				CC64CC14206B882200BDEE00 /* Info.plist */,
			);
			path = IOSProficiencyExercise;
			sourceTree = "<group>";
		};
		CC64CC24206BD11100BDEE00 /* DataModel */ = {
			isa = PBXGroup;
			children = (
				CC64CC20206BD08C00BDEE00 /* FactsRoot.swift */,
				CC64CC22206BD0CF00BDEE00 /* Fact.swift */,
			);
			path = DataModel;
			sourceTree = "<group>";
		};
		CC64CC25206BD13400BDEE00 /* Service */ = {
			isa = PBXGroup;
			children = (
				CC64CC26206BD1C200BDEE00 /* FactsService.swift */,
			);
			path = Service;
			sourceTree = "<group>";
		};
/* End PBXGroup section */

/* Begin PBXNativeTarget section */
		CC64CC04206B882200BDEE00 /* IOSProficiencyExercise */ = {
			isa = PBXNativeTarget;
			buildConfigurationList = CC64CC17206B882200BDEE00 /* Build configuration list for PBXNativeTarget "IOSProficiencyExercise" */;
			buildPhases = (
				CC64CC01206B882200BDEE00 /* Sources */,
				CC64CC02206B882200BDEE00 /* Frameworks */,
				CC64CC03206B882200BDEE00 /* Resources */,
			);
			buildRules = (
			);
			dependencies = (
			);
			name = IOSProficiencyExercise;
			productName = IOSProficiencyExercise;
			productReference = CC64CC05206B882200BDEE00 /* IOSProficiencyExercise.app */;
			productType = "com.apple.product-type.application";
		};
/* End PBXNativeTarget section */

/* Begin PBXProject section */
		CC64CBFD206B882200BDEE00 /* Project object */ = {
			isa = PBXProject;
			attributes = {
				LastSwiftUpdateCheck = 0920;
				LastUpgradeCheck = 0920;
				ORGANIZATIONNAME = "Piumika Welagedara";
				TargetAttributes = {
					CC64CC04206B882200BDEE00 = {
						CreatedOnToolsVersion = 9.2;
						ProvisioningStyle = Automatic;
					};
				};
			};
			buildConfigurationList = CC64CC00206B882200BDEE00 /* Build configuration list for PBXProject "IOSProficiencyExercise" */;
			compatibilityVersion = "Xcode 8.0";
			developmentRegion = en;
			hasScannedForEncodings = 0;
			knownRegions = (
				en,
				Base,
			);
			mainGroup = CC64CBFC206B882200BDEE00;
			productRefGroup = CC64CC06206B882200BDEE00 /* Products */;
			projectDirPath = "";
			projectRoot = "";
			targets = (
				CC64CC04206B882200BDEE00 /* IOSProficiencyExercise */,
			);
		};
/* End PBXProject section */

/* Begin PBXResourcesBuildPhase section */
		CC64CC03206B882200BDEE00 /* Resources */ = {
			isa = PBXResourcesBuildPhase;
			buildActionMask = 2147483647;
			files = (
				CC64CC13206B882200BDEE00 /* LaunchScreen.storyboard in Resources */,
				CC64CC10206B882200BDEE00 /* Assets.xcassets in Resources */,
				CC64CC0E206B882200BDEE00 /* Main.storyboard in Resources */,
			);
			runOnlyForDeploymentPostprocessing = 0;
		};
/* End PBXResourcesBuildPhase section */

/* Begin PBXSourcesBuildPhase section */
		CC64CC01206B882200BDEE00 /* Sources */ = {
			isa = PBXSourcesBuildPhase;
			buildActionMask = 2147483647;
			files = (
				CC64CC1F206BC85B00BDEE00 /* FactTableViewCell.swift in Sources */,
				CC64CC09206B882200BDEE00 /* AppDelegate.swift in Sources */,
				CC64CC29206BE42800BDEE00 /* LazyLoadingImageView.swift in Sources */,
				CC64CC23206BD0CF00BDEE00 /* Fact.swift in Sources */,
				CC64CC27206BD1C200BDEE00 /* FactsService.swift in Sources */,
				CC64CC1D206B894F00BDEE00 /* FactsTableViewController.swift in Sources */,
				CC64CC21206BD08C00BDEE00 /* FactsRoot.swift in Sources */,
			);
			runOnlyForDeploymentPostprocessing = 0;
		};
/* End PBXSourcesBuildPhase section */

/* Begin PBXVariantGroup section */
		CC64CC0C206B882200BDEE00 /* Main.storyboard */ = {
			isa = PBXVariantGroup;
			children = (
				CC64CC0D206B882200BDEE00 /* Base */,
			);
			name = Main.storyboard;
			sourceTree = "<group>";
		};
		CC64CC11206B882200BDEE00 /* LaunchScreen.storyboard */ = {
			isa = PBXVariantGroup;
			children = (
				CC64CC12206B882200BDEE00 /* Base */,
			);
			name = LaunchScreen.storyboard;
			sourceTree = "<group>";
		};
/* End PBXVariantGroup section */

/* Begin XCBuildConfiguration section */
		CC64CC15206B882200BDEE00 /* Debug */ = {
			isa = XCBuildConfiguration;
			buildSettings = {
				ALWAYS_SEARCH_USER_PATHS = NO;
				CLANG_ANALYZER_NONNULL = YES;
				CLANG_ANALYZER_NUMBER_OBJECT_CONVERSION = YES_AGGRESSIVE;
				CLANG_CXX_LANGUAGE_STANDARD = "gnu++14";
				CLANG_CXX_LIBRARY = "libc++";
				CLANG_ENABLE_MODULES = YES;
				CLANG_ENABLE_OBJC_ARC = YES;
				CLANG_WARN_BLOCK_CAPTURE_AUTORELEASING = YES;
				CLANG_WARN_BOOL_CONVERSION = YES;
				CLANG_WARN_COMMA = YES;
				CLANG_WARN_CONSTANT_CONVERSION = YES;
				CLANG_WARN_DIRECT_OBJC_ISA_USAGE = YES_ERROR;
				CLANG_WARN_DOCUMENTATION_COMMENTS = YES;
				CLANG_WARN_EMPTY_BODY = YES;
				CLANG_WARN_ENUM_CONVERSION = YES;
				CLANG_WARN_INFINITE_RECURSION = YES;
				CLANG_WARN_INT_CONVERSION = YES;
				CLANG_WARN_NON_LITERAL_NULL_CONVERSION = YES;
				CLANG_WARN_OBJC_LITERAL_CONVERSION = YES;
				CLANG_WARN_OBJC_ROOT_CLASS = YES_ERROR;
				CLANG_WARN_RANGE_LOOP_ANALYSIS = YES;
				CLANG_WARN_STRICT_PROTOTYPES = YES;
				CLANG_WARN_SUSPICIOUS_MOVE = YES;
				CLANG_WARN_UNGUARDED_AVAILABILITY = YES_AGGRESSIVE;
				CLANG_WARN_UNREACHABLE_CODE = YES;
				CLANG_WARN__DUPLICATE_METHOD_MATCH = YES;
				CODE_SIGN_IDENTITY = "iPhone Developer";
				COPY_PHASE_STRIP = NO;
				DEBUG_INFORMATION_FORMAT = dwarf;
				ENABLE_STRICT_OBJC_MSGSEND = YES;
				ENABLE_TESTABILITY = YES;
				GCC_C_LANGUAGE_STANDARD = gnu11;
				GCC_DYNAMIC_NO_PIC = NO;
				GCC_NO_COMMON_BLOCKS = YES;
				GCC_OPTIMIZATION_LEVEL = 0;
				GCC_PREPROCESSOR_DEFINITIONS = (
					"DEBUG=1",
					"$(inherited)",
				);
				GCC_WARN_64_TO_32_BIT_CONVERSION = YES;
				GCC_WARN_ABOUT_RETURN_TYPE = YES_ERROR;
				GCC_WARN_UNDECLARED_SELECTOR = YES;
				GCC_WARN_UNINITIALIZED_AUTOS = YES_AGGRESSIVE;
				GCC_WARN_UNUSED_FUNCTION = YES;
				GCC_WARN_UNUSED_VARIABLE = YES;
				IPHONEOS_DEPLOYMENT_TARGET = 11.2;
				MTL_ENABLE_DEBUG_INFO = YES;
				ONLY_ACTIVE_ARCH = YES;
				SDKROOT = iphoneos;
				SWIFT_ACTIVE_COMPILATION_CONDITIONS = DEBUG;
				SWIFT_OPTIMIZATION_LEVEL = "-Onone";
			};
			name = Debug;
		};
		CC64CC16206B882200BDEE00 /* Release */ = {
			isa = XCBuildConfiguration;
			buildSettings = {
				ALWAYS_SEARCH_USER_PATHS = NO;
				CLANG_ANALYZER_NONNULL = YES;
				CLANG_ANALYZER_NUMBER_OBJECT_CONVERSION = YES_AGGRESSIVE;
				CLANG_CXX_LANGUAGE_STANDARD = "gnu++14";
				CLANG_CXX_LIBRARY = "libc++";
				CLANG_ENABLE_MODULES = YES;
				CLANG_ENABLE_OBJC_ARC = YES;
				CLANG_WARN_BLOCK_CAPTURE_AUTORELEASING = YES;
				CLANG_WARN_BOOL_CONVERSION = YES;
				CLANG_WARN_COMMA = YES;
				CLANG_WARN_CONSTANT_CONVERSION = YES;
				CLANG_WARN_DIRECT_OBJC_ISA_USAGE = YES_ERROR;
				CLANG_WARN_DOCUMENTATION_COMMENTS = YES;
				CLANG_WARN_EMPTY_BODY = YES;
				CLANG_WARN_ENUM_CONVERSION = YES;
				CLANG_WARN_INFINITE_RECURSION = YES;
				CLANG_WARN_INT_CONVERSION = YES;
				CLANG_WARN_NON_LITERAL_NULL_CONVERSION = YES;
				CLANG_WARN_OBJC_LITERAL_CONVERSION = YES;
				CLANG_WARN_OBJC_ROOT_CLASS = YES_ERROR;
				CLANG_WARN_RANGE_LOOP_ANALYSIS = YES;
				CLANG_WARN_STRICT_PROTOTYPES = YES;
				CLANG_WARN_SUSPICIOUS_MOVE = YES;
				CLANG_WARN_UNGUARDED_AVAILABILITY = YES_AGGRESSIVE;
				CLANG_WARN_UNREACHABLE_CODE = YES;
				CLANG_WARN__DUPLICATE_METHOD_MATCH = YES;
				CODE_SIGN_IDENTITY = "iPhone Developer";
				COPY_PHASE_STRIP = NO;
				DEBUG_INFORMATION_FORMAT = "dwarf-with-dsym";
				ENABLE_NS_ASSERTIONS = NO;
				ENABLE_STRICT_OBJC_MSGSEND = YES;
				GCC_C_LANGUAGE_STANDARD = gnu11;
				GCC_NO_COMMON_BLOCKS = YES;
				GCC_WARN_64_TO_32_BIT_CONVERSION = YES;
				GCC_WARN_ABOUT_RETURN_TYPE = YES_ERROR;
				GCC_WARN_UNDECLARED_SELECTOR = YES;
				GCC_WARN_UNINITIALIZED_AUTOS = YES_AGGRESSIVE;
				GCC_WARN_UNUSED_FUNCTION = YES;
				GCC_WARN_UNUSED_VARIABLE = YES;
				IPHONEOS_DEPLOYMENT_TARGET = 11.2;
				MTL_ENABLE_DEBUG_INFO = NO;
				SDKROOT = iphoneos;
				SWIFT_OPTIMIZATION_LEVEL = "-Owholemodule";
				VALIDATE_PRODUCT = YES;
			};
			name = Release;
		};
		CC64CC18206B882200BDEE00 /* Debug */ = {
			isa = XCBuildConfiguration;
			buildSettings = {
				ASSETCATALOG_COMPILER_APPICON_NAME = AppIcon;
				CODE_SIGN_STYLE = Automatic;
				DEVELOPMENT_TEAM = 79NEE6ZY76;
				INFOPLIST_FILE = IOSProficiencyExercise/Info.plist;
				IPHONEOS_DEPLOYMENT_TARGET = 8.0;
				LD_RUNPATH_SEARCH_PATHS = "$(inherited) @executable_path/Frameworks";
				PRODUCT_BUNDLE_IDENTIFIER = com.piumika.IOSProficiencyExercise;
				PRODUCT_NAME = "$(TARGET_NAME)";
				SWIFT_VERSION = 4.0;
				TARGETED_DEVICE_FAMILY = "1,2";
			};
			name = Debug;
		};
		CC64CC19206B882200BDEE00 /* Release */ = {
			isa = XCBuildConfiguration;
			buildSettings = {
				ASSETCATALOG_COMPILER_APPICON_NAME = AppIcon;
				CODE_SIGN_STYLE = Automatic;
				DEVELOPMENT_TEAM = 79NEE6ZY76;
				INFOPLIST_FILE = IOSProficiencyExercise/Info.plist;
				IPHONEOS_DEPLOYMENT_TARGET = 8.0;
				LD_RUNPATH_SEARCH_PATHS = "$(inherited) @executable_path/Frameworks";
				PRODUCT_BUNDLE_IDENTIFIER = com.piumika.IOSProficiencyExercise;
				PRODUCT_NAME = "$(TARGET_NAME)";
				SWIFT_VERSION = 4.0;
				TARGETED_DEVICE_FAMILY = "1,2";
			};
			name = Release;
		};
/* End XCBuildConfiguration section */

/* Begin XCConfigurationList section */
		CC64CC00206B882200BDEE00 /* Build configuration list for PBXProject "IOSProficiencyExercise" */ = {
			isa = XCConfigurationList;
			buildConfigurations = (
				CC64CC15206B882200BDEE00 /* Debug */,
				CC64CC16206B882200BDEE00 /* Release */,
			);
			defaultConfigurationIsVisible = 0;
			defaultConfigurationName = Release;
		};
		CC64CC17206B882200BDEE00 /* Build configuration list for PBXNativeTarget "IOSProficiencyExercise" */ = {
			isa = XCConfigurationList;
			buildConfigurations = (
				CC64CC18206B882200BDEE00 /* Debug */,
				CC64CC19206B882200BDEE00 /* Release */,
			);
			defaultConfigurationIsVisible = 0;
			defaultConfigurationName = Release;
		};
/* End XCConfigurationList section */
	};
	rootObject = CC64CBFD206B882200BDEE00 /* Project object */;
}
